
Microsoft Visual Studio Solution File, Format Version 12.00
# Visual Studio Version 17
VisualStudioVersion = 17.1.32414.318
MinimumVisualStudioVersion = 10.0.40219.1
Project("{9A19103F-16F7-4668-BE54-9A1E7A4F7556}") = "MusicPlayerModule", "MusicPlayerModule\MusicPlayerModule.csproj", "{5174259D-E673-4CCD-8123-B4C7D393BE01}"
EndProject
Project("{9A19103F-16F7-4668-BE54-9A1E7A4F7556}") = "SqlCreatorModule", "SqlCreatorModule\SqlCreatorModule.csproj", "{3B936F72-FC69-4239-895E-7DDFF625236A}"
EndProject
Project("{9A19103F-16F7-4668-BE54-9A1E7A4F7556}") = "CustomControlsDemoModule", "CustomControlsDemoModule\CustomControlsDemoModule.csproj", "{EE28BBF1-40F8-409F-93D6-B25A6B90BE92}"
EndProject
Project("{9A19103F-16F7-4668-BE54-9A1E7A4F7556}") = "MyApp.Prisms", "MyApp.Prisms\MyApp.Prisms.csproj", "{240BF514-0C06-4727-A1B7-7B3C0960AE86}"
EndProject
Project("{9A19103F-16F7-4668-BE54-9A1E7A4F7556}") = "PrismAppBasicLib", "PrismAppBasicLib\PrismAppBasicLib.csproj", "{BEDDDFA9-AF08-460A-BC05-75D2BCA1FAA7}"
EndProject
Project("{FAE04EC0-301F-11D3-BF4B-00C04F79EFBC}") = "IceTea.Wpf.Core", "..\MySourceCode\IceTea.Wpf.Core\IceTea.Wpf.Core.csproj", "{FC3FA9C6-C0D1-426E-9A2F-78C757E8E831}"
EndProject
Project("{FAE04EC0-301F-11D3-BF4B-00C04F79EFBC}") = "IceTea.Desktop", "..\MySourceCode\IceTea.Desktop\IceTea.Desktop.csproj", "{040BFA6A-36F2-4093-A284-5631AB9116AC}"
EndProject
Project("{FAE04EC0-301F-11D3-BF4B-00C04F79EFBC}") = "Prism.Wpf", "..\Prism\src\Wpf\Prism.Wpf\Prism.Wpf.csproj", "{3DBEDCC5-D92A-4E4F-A888-F912A9116FAE}"
EndProject
Project("{FAE04EC0-301F-11D3-BF4B-00C04F79EFBC}") = "IceTea.Atom", "..\MySourceCode\IceTea.Atom\IceTea.Atom.csproj", "{964AFC58-D705-4737-BD30-CED8E048DEF5}"
EndProject
Project("{FAE04EC0-301F-11D3-BF4B-00C04F79EFBC}") = "IceTea.Wpf.Atom", "..\MySourceCode\IceTea.Wpf.Atom\IceTea.Wpf.Atom.csproj", "{69843483-4FFF-45C0-8B22-FF2EF4E25D27}"
EndProject
Project("{FAE04EC0-301F-11D3-BF4B-00C04F79EFBC}") = "IceTea.Core", "..\MySourceCode\IceTea.Core\IceTea.Core.csproj", "{1E1CE742-5331-4CC9-BF26-B50D25EE4CBD}"
EndProject
Project("{FAE04EC0-301F-11D3-BF4B-00C04F79EFBC}") = "TestProject.General", "..\MySourceCode\TestProject.General\TestProject.General.csproj", "{C2E7B782-3A39-496B-A3B0-095AE785BA0A}"
EndProject
Project("{FAE04EC0-301F-11D3-BF4B-00C04F79EFBC}") = "IceTea.Avalonia.Core", "..\MySourceCode\IceTea.Avalonia.Core\IceTea.Avalonia.Core.csproj", "{1EF011CB-DBB2-4DAC-AE80-33F8BD80CB8C}"
EndProject
Project("{FAE04EC0-301F-11D3-BF4B-00C04F79EFBC}") = "IceTea.Excel", "..\MySourceCode\IceTea.Excel\IceTea.Excel.csproj", "{13ABDD48-05ED-446B-873A-A1625BEFD5C2}"
EndProject
Project("{FAE04EC0-301F-11D3-BF4B-00C04F79EFBC}") = "IceTea.Maui.Core", "..\MySourceCode\IceTea.Maui.Core\IceTea.Maui.Core.csproj", "{0CDBD0F3-7145-42D7-9EFF-B2F5ED859FDC}"
EndProject
Project("{FAE04EC0-301F-11D3-BF4B-00C04F79EFBC}") = "IceTea.RabbitMq", "..\MySourceCode\IceTea.RabbitMq\IceTea.RabbitMq.csproj", "{DE0EE4E0-8B76-4563-A7AC-001341BF6A2E}"
EndProject
Project("{FAE04EC0-301F-11D3-BF4B-00C04F79EFBC}") = "IceTea.SocketStandard", "..\MySourceCode\IceTea.SocketStandard\IceTea.SocketStandard.csproj", "{E53D3FB2-3995-44EE-B402-D21130CCC9C5}"
EndProject
Project("{FAE04EC0-301F-11D3-BF4B-00C04F79EFBC}") = "IceTea.SqlCreator", "..\MySourceCode\IceTea.SqlCreator\IceTea.SqlCreator.csproj", "{E223F7CC-946B-4C3E-B17B-C7EE93332B25}"
EndProject
Project("{FAE04EC0-301F-11D3-BF4B-00C04F79EFBC}") = "IceTea.SqlStandard", "..\MySourceCode\IceTea.SqlStandard\IceTea.SqlStandard.csproj", "{42EAC6DC-4059-49EB-A9DC-0DE76525586E}"
EndProject
Project("{FAE04EC0-301F-11D3-BF4B-00C04F79EFBC}") = "IceTea.Web.Core", "..\MySourceCode\IceTea.Web.Core\IceTea.Web.Core.csproj", "{35FB7809-90EB-4A23-B536-A23DC97CFA13}"
EndProject
Global
	GlobalSection(SolutionConfigurationPlatforms) = preSolution
		Debug|Any CPU = Debug|Any CPU
		Debug|x64 = Debug|x64
		Debug|x86 = Debug|x86
		Release|Any CPU = Release|Any CPU
		Release|x64 = Release|x64
		Release|x86 = Release|x86
	EndGlobalSection
	GlobalSection(ProjectConfigurationPlatforms) = postSolution
		{5174259D-E673-4CCD-8123-B4C7D393BE01}.Debug|Any CPU.ActiveCfg = Debug|Any CPU
		{5174259D-E673-4CCD-8123-B4C7D393BE01}.Debug|Any CPU.Build.0 = Debug|Any CPU
		{5174259D-E673-4CCD-8123-B4C7D393BE01}.Debug|x64.ActiveCfg = Debug|Any CPU
		{5174259D-E673-4CCD-8123-B4C7D393BE01}.Debug|x64.Build.0 = Debug|Any CPU
		{5174259D-E673-4CCD-8123-B4C7D393BE01}.Debug|x86.ActiveCfg = Debug|Any CPU
		{5174259D-E673-4CCD-8123-B4C7D393BE01}.Debug|x86.Build.0 = Debug|Any CPU
		{5174259D-E673-4CCD-8123-B4C7D393BE01}.Release|Any CPU.ActiveCfg = Release|Any CPU
		{5174259D-E673-4CCD-8123-B4C7D393BE01}.Release|Any CPU.Build.0 = Release|Any CPU
		{5174259D-E673-4CCD-8123-B4C7D393BE01}.Release|x64.ActiveCfg = Release|Any CPU
		{5174259D-E673-4CCD-8123-B4C7D393BE01}.Release|x64.Build.0 = Release|Any CPU
		{5174259D-E673-4CCD-8123-B4C7D393BE01}.Release|x86.ActiveCfg = Release|Any CPU
		{5174259D-E673-4CCD-8123-B4C7D393BE01}.Release|x86.Build.0 = Release|Any CPU
		{3B936F72-FC69-4239-895E-7DDFF625236A}.Debug|Any CPU.ActiveCfg = Debug|Any CPU
		{3B936F72-FC69-4239-895E-7DDFF625236A}.Debug|Any CPU.Build.0 = Debug|Any CPU
		{3B936F72-FC69-4239-895E-7DDFF625236A}.Debug|x64.ActiveCfg = Debug|Any CPU
		{3B936F72-FC69-4239-895E-7DDFF625236A}.Debug|x64.Build.0 = Debug|Any CPU
		{3B936F72-FC69-4239-895E-7DDFF625236A}.Debug|x86.ActiveCfg = Debug|Any CPU
		{3B936F72-FC69-4239-895E-7DDFF625236A}.Debug|x86.Build.0 = Debug|Any CPU
		{3B936F72-FC69-4239-895E-7DDFF625236A}.Release|Any CPU.ActiveCfg = Release|Any CPU
		{3B936F72-FC69-4239-895E-7DDFF625236A}.Release|Any CPU.Build.0 = Release|Any CPU
		{3B936F72-FC69-4239-895E-7DDFF625236A}.Release|x64.ActiveCfg = Release|Any CPU
		{3B936F72-FC69-4239-895E-7DDFF625236A}.Release|x64.Build.0 = Release|Any CPU
		{3B936F72-FC69-4239-895E-7DDFF625236A}.Release|x86.ActiveCfg = Release|Any CPU
		{3B936F72-FC69-4239-895E-7DDFF625236A}.Release|x86.Build.0 = Release|Any CPU
		{EE28BBF1-40F8-409F-93D6-B25A6B90BE92}.Debug|Any CPU.ActiveCfg = Debug|Any CPU
		{EE28BBF1-40F8-409F-93D6-B25A6B90BE92}.Debug|Any CPU.Build.0 = Debug|Any CPU
		{EE28BBF1-40F8-409F-93D6-B25A6B90BE92}.Debug|x64.ActiveCfg = Debug|Any CPU
		{EE28BBF1-40F8-409F-93D6-B25A6B90BE92}.Debug|x64.Build.0 = Debug|Any CPU
		{EE28BBF1-40F8-409F-93D6-B25A6B90BE92}.Debug|x86.ActiveCfg = Debug|Any CPU
		{EE28BBF1-40F8-409F-93D6-B25A6B90BE92}.Debug|x86.Build.0 = Debug|Any CPU
		{EE28BBF1-40F8-409F-93D6-B25A6B90BE92}.Release|Any CPU.ActiveCfg = Release|Any CPU
		{EE28BBF1-40F8-409F-93D6-B25A6B90BE92}.Release|Any CPU.Build.0 = Release|Any CPU
		{EE28BBF1-40F8-409F-93D6-B25A6B90BE92}.Release|x64.ActiveCfg = Release|Any CPU
		{EE28BBF1-40F8-409F-93D6-B25A6B90BE92}.Release|x64.Build.0 = Release|Any CPU
		{EE28BBF1-40F8-409F-93D6-B25A6B90BE92}.Release|x86.ActiveCfg = Release|Any CPU
		{EE28BBF1-40F8-409F-93D6-B25A6B90BE92}.Release|x86.Build.0 = Release|Any CPU
		{240BF514-0C06-4727-A1B7-7B3C0960AE86}.Debug|Any CPU.ActiveCfg = Debug|Any CPU
		{240BF514-0C06-4727-A1B7-7B3C0960AE86}.Debug|Any CPU.Build.0 = Debug|Any CPU
		{240BF514-0C06-4727-A1B7-7B3C0960AE86}.Debug|x64.ActiveCfg = Debug|Any CPU
		{240BF514-0C06-4727-A1B7-7B3C0960AE86}.Debug|x64.Build.0 = Debug|Any CPU
		{240BF514-0C06-4727-A1B7-7B3C0960AE86}.Debug|x86.ActiveCfg = Debug|Any CPU
		{240BF514-0C06-4727-A1B7-7B3C0960AE86}.Debug|x86.Build.0 = Debug|Any CPU
		{240BF514-0C06-4727-A1B7-7B3C0960AE86}.Release|Any CPU.ActiveCfg = Release|Any CPU
		{240BF514-0C06-4727-A1B7-7B3C0960AE86}.Release|Any CPU.Build.0 = Release|Any CPU
		{240BF514-0C06-4727-A1B7-7B3C0960AE86}.Release|x64.ActiveCfg = Release|Any CPU
		{240BF514-0C06-4727-A1B7-7B3C0960AE86}.Release|x64.Build.0 = Release|Any CPU
		{240BF514-0C06-4727-A1B7-7B3C0960AE86}.Release|x86.ActiveCfg = Release|Any CPU
		{240BF514-0C06-4727-A1B7-7B3C0960AE86}.Release|x86.Build.0 = Release|Any CPU
		{BEDDDFA9-AF08-460A-BC05-75D2BCA1FAA7}.Debug|Any CPU.ActiveCfg = Debug|Any CPU
		{BEDDDFA9-AF08-460A-BC05-75D2BCA1FAA7}.Debug|Any CPU.Build.0 = Debug|Any CPU
		{BEDDDFA9-AF08-460A-BC05-75D2BCA1FAA7}.Debug|x64.ActiveCfg = Debug|Any CPU
		{BEDDDFA9-AF08-460A-BC05-75D2BCA1FAA7}.Debug|x64.Build.0 = Debug|Any CPU
		{BEDDDFA9-AF08-460A-BC05-75D2BCA1FAA7}.Debug|x86.ActiveCfg = Debug|Any CPU
		{BEDDDFA9-AF08-460A-BC05-75D2BCA1FAA7}.Debug|x86.Build.0 = Debug|Any CPU
		{BEDDDFA9-AF08-460A-BC05-75D2BCA1FAA7}.Release|Any CPU.ActiveCfg = Release|Any CPU
		{BEDDDFA9-AF08-460A-BC05-75D2BCA1FAA7}.Release|Any CPU.Build.0 = Release|Any CPU
		{BEDDDFA9-AF08-460A-BC05-75D2BCA1FAA7}.Release|x64.ActiveCfg = Release|Any CPU
		{BEDDDFA9-AF08-460A-BC05-75D2BCA1FAA7}.Release|x64.Build.0 = Release|Any CPU
		{BEDDDFA9-AF08-460A-BC05-75D2BCA1FAA7}.Release|x86.ActiveCfg = Release|Any CPU
		{BEDDDFA9-AF08-460A-BC05-75D2BCA1FAA7}.Release|x86.Build.0 = Release|Any CPU
		{FC3FA9C6-C0D1-426E-9A2F-78C757E8E831}.Debug|Any CPU.ActiveCfg = Debug|Any CPU
		{FC3FA9C6-C0D1-426E-9A2F-78C757E8E831}.Debug|Any CPU.Build.0 = Debug|Any CPU
		{FC3FA9C6-C0D1-426E-9A2F-78C757E8E831}.Debug|x64.ActiveCfg = Debug|Any CPU
		{FC3FA9C6-C0D1-426E-9A2F-78C757E8E831}.Debug|x64.Build.0 = Debug|Any CPU
		{FC3FA9C6-C0D1-426E-9A2F-78C757E8E831}.Debug|x86.ActiveCfg = Debug|Any CPU
		{FC3FA9C6-C0D1-426E-9A2F-78C757E8E831}.Debug|x86.Build.0 = Debug|Any CPU
		{FC3FA9C6-C0D1-426E-9A2F-78C757E8E831}.Release|Any CPU.ActiveCfg = Release|Any CPU
		{FC3FA9C6-C0D1-426E-9A2F-78C757E8E831}.Release|Any CPU.Build.0 = Release|Any CPU
		{FC3FA9C6-C0D1-426E-9A2F-78C757E8E831}.Release|x64.ActiveCfg = Release|Any CPU
		{FC3FA9C6-C0D1-426E-9A2F-78C757E8E831}.Release|x64.Build.0 = Release|Any CPU
		{FC3FA9C6-C0D1-426E-9A2F-78C757E8E831}.Release|x86.ActiveCfg = Release|Any CPU
		{FC3FA9C6-C0D1-426E-9A2F-78C757E8E831}.Release|x86.Build.0 = Release|Any CPU
		{040BFA6A-36F2-4093-A284-5631AB9116AC}.Debug|Any CPU.ActiveCfg = Debug|Any CPU
		{040BFA6A-36F2-4093-A284-5631AB9116AC}.Debug|Any CPU.Build.0 = Debug|Any CPU
		{040BFA6A-36F2-4093-A284-5631AB9116AC}.Debug|x64.ActiveCfg = Debug|Any CPU
		{040BFA6A-36F2-4093-A284-5631AB9116AC}.Debug|x64.Build.0 = Debug|Any CPU
		{040BFA6A-36F2-4093-A284-5631AB9116AC}.Debug|x86.ActiveCfg = Debug|Any CPU
		{040BFA6A-36F2-4093-A284-5631AB9116AC}.Debug|x86.Build.0 = Debug|Any CPU
		{040BFA6A-36F2-4093-A284-5631AB9116AC}.Release|Any CPU.ActiveCfg = Release|Any CPU
		{040BFA6A-36F2-4093-A284-5631AB9116AC}.Release|Any CPU.Build.0 = Release|Any CPU
		{040BFA6A-36F2-4093-A284-5631AB9116AC}.Release|x64.ActiveCfg = Release|Any CPU
		{040BFA6A-36F2-4093-A284-5631AB9116AC}.Release|x64.Build.0 = Release|Any CPU
		{040BFA6A-36F2-4093-A284-5631AB9116AC}.Release|x86.ActiveCfg = Release|Any CPU
		{040BFA6A-36F2-4093-A284-5631AB9116AC}.Release|x86.Build.0 = Release|Any CPU
		{3DBEDCC5-D92A-4E4F-A888-F912A9116FAE}.Debug|Any CPU.ActiveCfg = Debug|Any CPU
		{3DBEDCC5-D92A-4E4F-A888-F912A9116FAE}.Debug|Any CPU.Build.0 = Debug|Any CPU
		{3DBEDCC5-D92A-4E4F-A888-F912A9116FAE}.Debug|x64.ActiveCfg = Debug|Any CPU
		{3DBEDCC5-D92A-4E4F-A888-F912A9116FAE}.Debug|x64.Build.0 = Debug|Any CPU
		{3DBEDCC5-D92A-4E4F-A888-F912A9116FAE}.Debug|x86.ActiveCfg = Debug|Any CPU
		{3DBEDCC5-D92A-4E4F-A888-F912A9116FAE}.Debug|x86.Build.0 = Debug|Any CPU
		{3DBEDCC5-D92A-4E4F-A888-F912A9116FAE}.Release|Any CPU.ActiveCfg = Release|Any CPU
		{3DBEDCC5-D92A-4E4F-A888-F912A9116FAE}.Release|Any CPU.Build.0 = Release|Any CPU
		{3DBEDCC5-D92A-4E4F-A888-F912A9116FAE}.Release|x64.ActiveCfg = Release|Any CPU
		{3DBEDCC5-D92A-4E4F-A888-F912A9116FAE}.Release|x64.Build.0 = Release|Any CPU
		{3DBEDCC5-D92A-4E4F-A888-F912A9116FAE}.Release|x86.ActiveCfg = Release|Any CPU
		{3DBEDCC5-D92A-4E4F-A888-F912A9116FAE}.Release|x86.Build.0 = Release|Any CPU
		{964AFC58-D705-4737-BD30-CED8E048DEF5}.Debug|Any CPU.ActiveCfg = Debug|Any CPU
		{964AFC58-D705-4737-BD30-CED8E048DEF5}.Debug|Any CPU.Build.0 = Debug|Any CPU
		{964AFC58-D705-4737-BD30-CED8E048DEF5}.Debug|x64.ActiveCfg = Debug|Any CPU
		{964AFC58-D705-4737-BD30-CED8E048DEF5}.Debug|x64.Build.0 = Debug|Any CPU
		{964AFC58-D705-4737-BD30-CED8E048DEF5}.Debug|x86.ActiveCfg = Debug|Any CPU
		{964AFC58-D705-4737-BD30-CED8E048DEF5}.Debug|x86.Build.0 = Debug|Any CPU
		{964AFC58-D705-4737-BD30-CED8E048DEF5}.Release|Any CPU.ActiveCfg = Release|Any CPU
		{964AFC58-D705-4737-BD30-CED8E048DEF5}.Release|Any CPU.Build.0 = Release|Any CPU
		{964AFC58-D705-4737-BD30-CED8E048DEF5}.Release|x64.ActiveCfg = Release|Any CPU
		{964AFC58-D705-4737-BD30-CED8E048DEF5}.Release|x64.Build.0 = Release|Any CPU
		{964AFC58-D705-4737-BD30-CED8E048DEF5}.Release|x86.ActiveCfg = Release|Any CPU
		{964AFC58-D705-4737-BD30-CED8E048DEF5}.Release|x86.Build.0 = Release|Any CPU
		{69843483-4FFF-45C0-8B22-FF2EF4E25D27}.Debug|Any CPU.ActiveCfg = Debug|Any CPU
		{69843483-4FFF-45C0-8B22-FF2EF4E25D27}.Debug|Any CPU.Build.0 = Debug|Any CPU
		{69843483-4FFF-45C0-8B22-FF2EF4E25D27}.Debug|x64.ActiveCfg = Debug|Any CPU
		{69843483-4FFF-45C0-8B22-FF2EF4E25D27}.Debug|x64.Build.0 = Debug|Any CPU
		{69843483-4FFF-45C0-8B22-FF2EF4E25D27}.Debug|x86.ActiveCfg = Debug|Any CPU
		{69843483-4FFF-45C0-8B22-FF2EF4E25D27}.Debug|x86.Build.0 = Debug|Any CPU
		{69843483-4FFF-45C0-8B22-FF2EF4E25D27}.Release|Any CPU.ActiveCfg = Release|Any CPU
		{69843483-4FFF-45C0-8B22-FF2EF4E25D27}.Release|Any CPU.Build.0 = Release|Any CPU
		{69843483-4FFF-45C0-8B22-FF2EF4E25D27}.Release|x64.ActiveCfg = Release|Any CPU
		{69843483-4FFF-45C0-8B22-FF2EF4E25D27}.Release|x64.Build.0 = Release|Any CPU
		{69843483-4FFF-45C0-8B22-FF2EF4E25D27}.Release|x86.ActiveCfg = Release|Any CPU
		{69843483-4FFF-45C0-8B22-FF2EF4E25D27}.Release|x86.Build.0 = Release|Any CPU
		{1E1CE742-5331-4CC9-BF26-B50D25EE4CBD}.Debug|Any CPU.ActiveCfg = Debug|Any CPU
		{1E1CE742-5331-4CC9-BF26-B50D25EE4CBD}.Debug|Any CPU.Build.0 = Debug|Any CPU
		{1E1CE742-5331-4CC9-BF26-B50D25EE4CBD}.Debug|x64.ActiveCfg = Debug|Any CPU
		{1E1CE742-5331-4CC9-BF26-B50D25EE4CBD}.Debug|x64.Build.0 = Debug|Any CPU
		{1E1CE742-5331-4CC9-BF26-B50D25EE4CBD}.Debug|x86.ActiveCfg = Debug|Any CPU
		{1E1CE742-5331-4CC9-BF26-B50D25EE4CBD}.Debug|x86.Build.0 = Debug|Any CPU
		{1E1CE742-5331-4CC9-BF26-B50D25EE4CBD}.Release|Any CPU.ActiveCfg = Release|Any CPU
		{1E1CE742-5331-4CC9-BF26-B50D25EE4CBD}.Release|Any CPU.Build.0 = Release|Any CPU
		{1E1CE742-5331-4CC9-BF26-B50D25EE4CBD}.Release|x64.ActiveCfg = Release|Any CPU
		{1E1CE742-5331-4CC9-BF26-B50D25EE4CBD}.Release|x64.Build.0 = Release|Any CPU
		{1E1CE742-5331-4CC9-BF26-B50D25EE4CBD}.Release|x86.ActiveCfg = Release|Any CPU
		{1E1CE742-5331-4CC9-BF26-B50D25EE4CBD}.Release|x86.Build.0 = Release|Any CPU
		{C2E7B782-3A39-496B-A3B0-095AE785BA0A}.Debug|Any CPU.ActiveCfg = Debug|Any CPU
		{C2E7B782-3A39-496B-A3B0-095AE785BA0A}.Debug|Any CPU.Build.0 = Debug|Any CPU
		{C2E7B782-3A39-496B-A3B0-095AE785BA0A}.Debug|x64.ActiveCfg = Debug|Any CPU
		{C2E7B782-3A39-496B-A3B0-095AE785BA0A}.Debug|x64.Build.0 = Debug|Any CPU
		{C2E7B782-3A39-496B-A3B0-095AE785BA0A}.Debug|x86.ActiveCfg = Debug|Any CPU
		{C2E7B782-3A39-496B-A3B0-095AE785BA0A}.Debug|x86.Build.0 = Debug|Any CPU
		{C2E7B782-3A39-496B-A3B0-095AE785BA0A}.Release|Any CPU.ActiveCfg = Release|Any CPU
		{C2E7B782-3A39-496B-A3B0-095AE785BA0A}.Release|Any CPU.Build.0 = Release|Any CPU
		{C2E7B782-3A39-496B-A3B0-095AE785BA0A}.Release|x64.ActiveCfg = Release|Any CPU
		{C2E7B782-3A39-496B-A3B0-095AE785BA0A}.Release|x64.Build.0 = Release|Any CPU
		{C2E7B782-3A39-496B-A3B0-095AE785BA0A}.Release|x86.ActiveCfg = Release|Any CPU
		{C2E7B782-3A39-496B-A3B0-095AE785BA0A}.Release|x86.Build.0 = Release|Any CPU
		{1EF011CB-DBB2-4DAC-AE80-33F8BD80CB8C}.Debug|Any CPU.ActiveCfg = Debug|Any CPU
		{1EF011CB-DBB2-4DAC-AE80-33F8BD80CB8C}.Debug|Any CPU.Build.0 = Debug|Any CPU
		{1EF011CB-DBB2-4DAC-AE80-33F8BD80CB8C}.Debug|x64.ActiveCfg = Debug|Any CPU
		{1EF011CB-DBB2-4DAC-AE80-33F8BD80CB8C}.Debug|x64.Build.0 = Debug|Any CPU
		{1EF011CB-DBB2-4DAC-AE80-33F8BD80CB8C}.Debug|x86.ActiveCfg = Debug|Any CPU
		{1EF011CB-DBB2-4DAC-AE80-33F8BD80CB8C}.Debug|x86.Build.0 = Debug|Any CPU
		{1EF011CB-DBB2-4DAC-AE80-33F8BD80CB8C}.Release|Any CPU.ActiveCfg = Release|Any CPU
		{1EF011CB-DBB2-4DAC-AE80-33F8BD80CB8C}.Release|Any CPU.Build.0 = Release|Any CPU
		{1EF011CB-DBB2-4DAC-AE80-33F8BD80CB8C}.Release|x64.ActiveCfg = Release|Any CPU
		{1EF011CB-DBB2-4DAC-AE80-33F8BD80CB8C}.Release|x64.Build.0 = Release|Any CPU
		{1EF011CB-DBB2-4DAC-AE80-33F8BD80CB8C}.Release|x86.ActiveCfg = Release|Any CPU
		{1EF011CB-DBB2-4DAC-AE80-33F8BD80CB8C}.Release|x86.Build.0 = Release|Any CPU
		{13ABDD48-05ED-446B-873A-A1625BEFD5C2}.Debug|Any CPU.ActiveCfg = Debug|Any CPU
		{13ABDD48-05ED-446B-873A-A1625BEFD5C2}.Debug|Any CPU.Build.0 = Debug|Any CPU
		{13ABDD48-05ED-446B-873A-A1625BEFD5C2}.Debug|x64.ActiveCfg = Debug|Any CPU
		{13ABDD48-05ED-446B-873A-A1625BEFD5C2}.Debug|x64.Build.0 = Debug|Any CPU
		{13ABDD48-05ED-446B-873A-A1625BEFD5C2}.Debug|x86.ActiveCfg = Debug|Any CPU
		{13ABDD48-05ED-446B-873A-A1625BEFD5C2}.Debug|x86.Build.0 = Debug|Any CPU
		{13ABDD48-05ED-446B-873A-A1625BEFD5C2}.Release|Any CPU.ActiveCfg = Release|Any CPU
		{13ABDD48-05ED-446B-873A-A1625BEFD5C2}.Release|Any CPU.Build.0 = Release|Any CPU
		{13ABDD48-05ED-446B-873A-A1625BEFD5C2}.Release|x64.ActiveCfg = Release|Any CPU
		{13ABDD48-05ED-446B-873A-A1625BEFD5C2}.Release|x64.Build.0 = Release|Any CPU
		{13ABDD48-05ED-446B-873A-A1625BEFD5C2}.Release|x86.ActiveCfg = Release|Any CPU
		{13ABDD48-05ED-446B-873A-A1625BEFD5C2}.Release|x86.Build.0 = Release|Any CPU
		{0CDBD0F3-7145-42D7-9EFF-B2F5ED859FDC}.Debug|Any CPU.ActiveCfg = Debug|Any CPU
		{0CDBD0F3-7145-42D7-9EFF-B2F5ED859FDC}.Debug|Any CPU.Build.0 = Debug|Any CPU
		{0CDBD0F3-7145-42D7-9EFF-B2F5ED859FDC}.Debug|x64.ActiveCfg = Debug|Any CPU
		{0CDBD0F3-7145-42D7-9EFF-B2F5ED859FDC}.Debug|x64.Build.0 = Debug|Any CPU
		{0CDBD0F3-7145-42D7-9EFF-B2F5ED859FDC}.Debug|x86.ActiveCfg = Debug|Any CPU
		{0CDBD0F3-7145-42D7-9EFF-B2F5ED859FDC}.Debug|x86.Build.0 = Debug|Any CPU
		{0CDBD0F3-7145-42D7-9EFF-B2F5ED859FDC}.Release|Any CPU.ActiveCfg = Release|Any CPU
		{0CDBD0F3-7145-42D7-9EFF-B2F5ED859FDC}.Release|Any CPU.Build.0 = Release|Any CPU
		{0CDBD0F3-7145-42D7-9EFF-B2F5ED859FDC}.Release|x64.ActiveCfg = Release|Any CPU
		{0CDBD0F3-7145-42D7-9EFF-B2F5ED859FDC}.Release|x64.Build.0 = Release|Any CPU
		{0CDBD0F3-7145-42D7-9EFF-B2F5ED859FDC}.Release|x86.ActiveCfg = Release|Any CPU
		{0CDBD0F3-7145-42D7-9EFF-B2F5ED859FDC}.Release|x86.Build.0 = Release|Any CPU
		{DE0EE4E0-8B76-4563-A7AC-001341BF6A2E}.Debug|Any CPU.ActiveCfg = Debug|Any CPU
		{DE0EE4E0-8B76-4563-A7AC-001341BF6A2E}.Debug|Any CPU.Build.0 = Debug|Any CPU
		{DE0EE4E0-8B76-4563-A7AC-001341BF6A2E}.Debug|x64.ActiveCfg = Debug|Any CPU
		{DE0EE4E0-8B76-4563-A7AC-001341BF6A2E}.Debug|x64.Build.0 = Debug|Any CPU
		{DE0EE4E0-8B76-4563-A7AC-001341BF6A2E}.Debug|x86.ActiveCfg = Debug|Any CPU
		{DE0EE4E0-8B76-4563-A7AC-001341BF6A2E}.Debug|x86.Build.0 = Debug|Any CPU
		{DE0EE4E0-8B76-4563-A7AC-001341BF6A2E}.Release|Any CPU.ActiveCfg = Release|Any CPU
		{DE0EE4E0-8B76-4563-A7AC-001341BF6A2E}.Release|Any CPU.Build.0 = Release|Any CPU
		{DE0EE4E0-8B76-4563-A7AC-001341BF6A2E}.Release|x64.ActiveCfg = Release|Any CPU
		{DE0EE4E0-8B76-4563-A7AC-001341BF6A2E}.Release|x64.Build.0 = Release|Any CPU
		{DE0EE4E0-8B76-4563-A7AC-001341BF6A2E}.Release|x86.ActiveCfg = Release|Any CPU
		{DE0EE4E0-8B76-4563-A7AC-001341BF6A2E}.Release|x86.Build.0 = Release|Any CPU
		{E53D3FB2-3995-44EE-B402-D21130CCC9C5}.Debug|Any CPU.ActiveCfg = Debug|Any CPU
		{E53D3FB2-3995-44EE-B402-D21130CCC9C5}.Debug|Any CPU.Build.0 = Debug|Any CPU
		{E53D3FB2-3995-44EE-B402-D21130CCC9C5}.Debug|x64.ActiveCfg = Debug|Any CPU
		{E53D3FB2-3995-44EE-B402-D21130CCC9C5}.Debug|x64.Build.0 = Debug|Any CPU
		{E53D3FB2-3995-44EE-B402-D21130CCC9C5}.Debug|x86.ActiveCfg = Debug|Any CPU
		{E53D3FB2-3995-44EE-B402-D21130CCC9C5}.Debug|x86.Build.0 = Debug|Any CPU
		{E53D3FB2-3995-44EE-B402-D21130CCC9C5}.Release|Any CPU.ActiveCfg = Release|Any CPU
		{E53D3FB2-3995-44EE-B402-D21130CCC9C5}.Release|Any CPU.Build.0 = Release|Any CPU
		{E53D3FB2-3995-44EE-B402-D21130CCC9C5}.Release|x64.ActiveCfg = Release|Any CPU
		{E53D3FB2-3995-44EE-B402-D21130CCC9C5}.Release|x64.Build.0 = Release|Any CPU
		{E53D3FB2-3995-44EE-B402-D21130CCC9C5}.Release|x86.ActiveCfg = Release|Any CPU
		{E53D3FB2-3995-44EE-B402-D21130CCC9C5}.Release|x86.Build.0 = Release|Any CPU
		{E223F7CC-946B-4C3E-B17B-C7EE93332B25}.Debug|Any CPU.ActiveCfg = Debug|Any CPU
		{E223F7CC-946B-4C3E-B17B-C7EE93332B25}.Debug|Any CPU.Build.0 = Debug|Any CPU
		{E223F7CC-946B-4C3E-B17B-C7EE93332B25}.Debug|x64.ActiveCfg = Debug|Any CPU
		{E223F7CC-946B-4C3E-B17B-C7EE93332B25}.Debug|x64.Build.0 = Debug|Any CPU
		{E223F7CC-946B-4C3E-B17B-C7EE93332B25}.Debug|x86.ActiveCfg = Debug|Any CPU
		{E223F7CC-946B-4C3E-B17B-C7EE93332B25}.Debug|x86.Build.0 = Debug|Any CPU
		{E223F7CC-946B-4C3E-B17B-C7EE93332B25}.Release|Any CPU.ActiveCfg = Release|Any CPU
		{E223F7CC-946B-4C3E-B17B-C7EE93332B25}.Release|Any CPU.Build.0 = Release|Any CPU
		{E223F7CC-946B-4C3E-B17B-C7EE93332B25}.Release|x64.ActiveCfg = Release|Any CPU
		{E223F7CC-946B-4C3E-B17B-C7EE93332B25}.Release|x64.Build.0 = Release|Any CPU
		{E223F7CC-946B-4C3E-B17B-C7EE93332B25}.Release|x86.ActiveCfg = Release|Any CPU
		{E223F7CC-946B-4C3E-B17B-C7EE93332B25}.Release|x86.Build.0 = Release|Any CPU
		{42EAC6DC-4059-49EB-A9DC-0DE76525586E}.Debug|Any CPU.ActiveCfg = Debug|Any CPU
		{42EAC6DC-4059-49EB-A9DC-0DE76525586E}.Debug|Any CPU.Build.0 = Debug|Any CPU
		{42EAC6DC-4059-49EB-A9DC-0DE76525586E}.Debug|x64.ActiveCfg = Debug|Any CPU
		{42EAC6DC-4059-49EB-A9DC-0DE76525586E}.Debug|x64.Build.0 = Debug|Any CPU
		{42EAC6DC-4059-49EB-A9DC-0DE76525586E}.Debug|x86.ActiveCfg = Debug|Any CPU
		{42EAC6DC-4059-49EB-A9DC-0DE76525586E}.Debug|x86.Build.0 = Debug|Any CPU
		{42EAC6DC-4059-49EB-A9DC-0DE76525586E}.Release|Any CPU.ActiveCfg = Release|Any CPU
		{42EAC6DC-4059-49EB-A9DC-0DE76525586E}.Release|Any CPU.Build.0 = Release|Any CPU
		{42EAC6DC-4059-49EB-A9DC-0DE76525586E}.Release|x64.ActiveCfg = Release|Any CPU
		{42EAC6DC-4059-49EB-A9DC-0DE76525586E}.Release|x64.Build.0 = Release|Any CPU
		{42EAC6DC-4059-49EB-A9DC-0DE76525586E}.Release|x86.ActiveCfg = Release|Any CPU
		{42EAC6DC-4059-49EB-A9DC-0DE76525586E}.Release|x86.Build.0 = Release|Any CPU
		{35FB7809-90EB-4A23-B536-A23DC97CFA13}.Debug|Any CPU.ActiveCfg = Debug|Any CPU
		{35FB7809-90EB-4A23-B536-A23DC97CFA13}.Debug|Any CPU.Build.0 = Debug|Any CPU
		{35FB7809-90EB-4A23-B536-A23DC97CFA13}.Debug|x64.ActiveCfg = Debug|Any CPU
		{35FB7809-90EB-4A23-B536-A23DC97CFA13}.Debug|x64.Build.0 = Debug|Any CPU
		{35FB7809-90EB-4A23-B536-A23DC97CFA13}.Debug|x86.ActiveCfg = Debug|Any CPU
		{35FB7809-90EB-4A23-B536-A23DC97CFA13}.Debug|x86.Build.0 = Debug|Any CPU
		{35FB7809-90EB-4A23-B536-A23DC97CFA13}.Release|Any CPU.ActiveCfg = Release|Any CPU
		{35FB7809-90EB-4A23-B536-A23DC97CFA13}.Release|Any CPU.Build.0 = Release|Any CPU
		{35FB7809-90EB-4A23-B536-A23DC97CFA13}.Release|x64.ActiveCfg = Release|Any CPU
		{35FB7809-90EB-4A23-B536-A23DC97CFA13}.Release|x64.Build.0 = Release|Any CPU
		{35FB7809-90EB-4A23-B536-A23DC97CFA13}.Release|x86.ActiveCfg = Release|Any CPU
		{35FB7809-90EB-4A23-B536-A23DC97CFA13}.Release|x86.Build.0 = Release|Any CPU
	EndGlobalSection
	GlobalSection(SolutionProperties) = preSolution
		HideSolutionNode = FALSE
	EndGlobalSection
	GlobalSection(ExtensibilityGlobals) = postSolution
		SolutionGuid = {1510F4ED-F466-434A-89A0-F236BEAC804D}
	EndGlobalSection
EndGlobal
